
Microsoft Visual Studio Solution File, Format Version 12.00
# Visual Studio Version 17
VisualStudioVersion = 17.5.33424.131
MinimumVisualStudioVersion = 10.0.40219.1
Project("{9A19103F-16F7-4668-BE54-9A1E7A4F7556}") = "PudelkoLibrary", "PudelkoLibrary\PudelkoLibrary.csproj", "{82B1D7D4-793A-48A8-81C5-2981181E4629}"
EndProject
Project("{9A19103F-16F7-4668-BE54-9A1E7A4F7556}") = "PudelkoUnitTests", "PudelkoUnitTests\PudelkoUnitTests.csproj", "{1B158118-3DDE-466F-BA85-3990502440E0}"
EndProject
Project("{FAE04EC0-301F-11D3-BF4B-00C04F79EFBC}") = "Program", "Program\Program.csproj", "{94E88727-6086-4B2D-AA0E-8CBFFB676CCF}"
EndProject
Global
	GlobalSection(SolutionConfigurationPlatforms) = preSolution
		Debug|Any CPU = Debug|Any CPU
		Release|Any CPU = Release|Any CPU
	EndGlobalSection
	GlobalSection(ProjectConfigurationPlatforms) = postSolution
		{82B1D7D4-793A-48A8-81C5-2981181E4629}.Debug|Any CPU.ActiveCfg = Debug|Any CPU
		{82B1D7D4-793A-48A8-81C5-2981181E4629}.Debug|Any CPU.Build.0 = Debug|Any CPU
		{82B1D7D4-793A-48A8-81C5-2981181E4629}.Release|Any CPU.ActiveCfg = Release|Any CPU
		{82B1D7D4-793A-48A8-81C5-2981181E4629}.Release|Any CPU.Build.0 = Release|Any CPU
		{1B158118-3DDE-466F-BA85-3990502440E0}.Debug|Any CPU.ActiveCfg = Debug|Any CPU
		{1B158118-3DDE-466F-BA85-3990502440E0}.Debug|Any CPU.Build.0 = Debug|Any CPU
		{1B158118-3DDE-466F-BA85-3990502440E0}.Release|Any CPU.ActiveCfg = Release|Any CPU
		{1B158118-3DDE-466F-BA85-3990502440E0}.Release|Any CPU.Build.0 = Release|Any CPU
		{94E88727-6086-4B2D-AA0E-8CBFFB676CCF}.Debug|Any CPU.ActiveCfg = Debug|Any CPU
		{94E88727-6086-4B2D-AA0E-8CBFFB676CCF}.Debug|Any CPU.Build.0 = Debug|Any CPU
		{94E88727-6086-4B2D-AA0E-8CBFFB676CCF}.Release|Any CPU.ActiveCfg = Release|Any CPU
		{94E88727-6086-4B2D-AA0E-8CBFFB676CCF}.Release|Any CPU.Build.0 = Release|Any CPU
	EndGlobalSection
	GlobalSection(SolutionProperties) = preSolution
		HideSolutionNode = FALSE
	EndGlobalSection
	GlobalSection(ExtensibilityGlobals) = postSolution
		SolutionGuid = {CFC72503-E9D5-4440-82B3-36B72957C86F}
	EndGlobalSection
EndGlobal
